Microsoft Visual Studio Solution File, Format Version 8.00
Project("{FAE04EC0-301F-11D3-BF4B-00C04F79EFBC}") = "Db4objects.Db4o.Tests-2003", "Db4objects.Db4o.Tests-2003.csproj", "{990A783E-B09D-4E44-B833-7D344EA64B85}"
	ProjectSection(ProjectDependencies) = postProject
	EndProjectSection
EndProject
Project("{FAE04EC0-301F-11D3-BF4B-00C04F79EFBC}") = "Db4objects.Db4o-2003", "..\Db4objects.Db4o\Db4objects.Db4o-2003.csproj", "{31BEB0C5-4BCC-4E74-B16E-74F09ACB1C14}"
	ProjectSection(ProjectDependencies) = postProject
	EndProjectSection
EndProject
Project("{FAE04EC0-301F-11D3-BF4B-00C04F79EFBC}") = "Db4objects.Db4o.Tools-2003", "..\Db4objects.Db4o.Tools\Db4objects.Db4o.Tools-2003.csproj", "{1D28DD3C-4D59-4003-96C6-9CBB3BA68FA6}"
	ProjectSection(ProjectDependencies) = postProject
	EndProjectSection
EndProject
Project("{FAE04EC0-301F-11D3-BF4B-00C04F79EFBC}") = "Db4oUnit-2003", "..\Db4oUnit\Db4oUnit-2003.csproj", "{E460565E-6F03-455D-9ACB-4DBAE0893595}"
	ProjectSection(ProjectDependencies) = postProject
	EndProjectSection
EndProject
Project("{FAE04EC0-301F-11D3-BF4B-00C04F79EFBC}") = "Db4oUnit.Extensions-2003", "..\Db4oUnit.Extensions\Db4oUnit.Extensions-2003.csproj", "{1D085EA4-184C-4B2C-A7A6-E3377D369603}"
	ProjectSection(ProjectDependencies) = postProject
	EndProjectSection
EndProject
Global
	GlobalSection(SolutionConfiguration) = preSolution
		Debug = Debug
		Release = Release
	EndGlobalSection
	GlobalSection(ProjectConfiguration) = postSolution
		{990A783E-B09D-4E44-B833-7D344EA64B85}.Debug.ActiveCfg = Debug|.NET
		{990A783E-B09D-4E44-B833-7D344EA64B85}.Debug.Build.0 = Debug|.NET
		{990A783E-B09D-4E44-B833-7D344EA64B85}.Release.ActiveCfg = Release|.NET
		{990A783E-B09D-4E44-B833-7D344EA64B85}.Release.Build.0 = Release|.NET
		{31BEB0C5-4BCC-4E74-B16E-74F09ACB1C14}.Debug.ActiveCfg = Debug|.NET
		{31BEB0C5-4BCC-4E74-B16E-74F09ACB1C14}.Debug.Build.0 = Debug|.NET
		{31BEB0C5-4BCC-4E74-B16E-74F09ACB1C14}.Release.ActiveCfg = Release|.NET
		{31BEB0C5-4BCC-4E74-B16E-74F09ACB1C14}.Release.Build.0 = Release|.NET
		{1D28DD3C-4D59-4003-96C6-9CBB3BA68FA6}.Debug.ActiveCfg = Debug|.NET
		{1D28DD3C-4D59-4003-96C6-9CBB3BA68FA6}.Debug.Build.0 = Debug|.NET
		{1D28DD3C-4D59-4003-96C6-9CBB3BA68FA6}.Release.ActiveCfg = Release|.NET
		{1D28DD3C-4D59-4003-96C6-9CBB3BA68FA6}.Release.Build.0 = Release|.NET
		{E460565E-6F03-455D-9ACB-4DBAE0893595}.Debug.ActiveCfg = Debug|.NET
		{E460565E-6F03-455D-9ACB-4DBAE0893595}.Debug.Build.0 = Debug|.NET
		{E460565E-6F03-455D-9ACB-4DBAE0893595}.Release.ActiveCfg = Release|.NET
		{E460565E-6F03-455D-9ACB-4DBAE0893595}.Release.Build.0 = Release|.NET
		{1D085EA4-184C-4B2C-A7A6-E3377D369603}.Debug.ActiveCfg = Debug|.NET
		{1D085EA4-184C-4B2C-A7A6-E3377D369603}.Debug.Build.0 = Debug|.NET
		{1D085EA4-184C-4B2C-A7A6-E3377D369603}.Release.ActiveCfg = Release|.NET
		{1D085EA4-184C-4B2C-A7A6-E3377D369603}.Release.Build.0 = Release|.NET
	EndGlobalSection
	GlobalSection(ExtensibilityGlobals) = postSolution
	EndGlobalSection
	GlobalSection(ExtensibilityAddIns) = postSolution
	EndGlobalSection
EndGlobal
