
Microsoft Visual Studio Solution File, Format Version 9.00
# Visual Studio 2005
Project("{FAE04EC0-301F-11D3-BF4B-00C04F79EFBC}") = "Db4objects.Drs.Tests", "Db4objects.Drs.Tests.csproj", "{0255E370-149F-490E-AF33-F2024DA1A490}"
EndProject
Project("{FAE04EC0-301F-11D3-BF4B-00C04F79EFBC}") = "Db4objects.Drs", "..\Db4objects.Drs\Db4objects.Drs.csproj", "{03656518-0F95-4E4C-83C0-BF5EE8B7B472}"
EndProject
Global
	GlobalSection(SolutionConfigurationPlatforms) = preSolution
		Debug|Any CPU = Debug|Any CPU
		Release|Any CPU = Release|Any CPU
	EndGlobalSection
	GlobalSection(ProjectConfigurationPlatforms) = postSolution
		{0255E370-149F-490E-AF33-F2024DA1A490}.Debug|Any CPU.ActiveCfg = Debug|Any CPU
		{0255E370-149F-490E-AF33-F2024DA1A490}.Debug|Any CPU.Build.0 = Debug|Any CPU
		{0255E370-149F-490E-AF33-F2024DA1A490}.Release|Any CPU.ActiveCfg = Release|Any CPU
		{0255E370-149F-490E-AF33-F2024DA1A490}.Release|Any CPU.Build.0 = Release|Any CPU
		{03656518-0F95-4E4C-83C0-BF5EE8B7B472}.Debug|Any CPU.ActiveCfg = Debug|Any CPU
		{03656518-0F95-4E4C-83C0-BF5EE8B7B472}.Debug|Any CPU.Build.0 = Debug|Any CPU
		{03656518-0F95-4E4C-83C0-BF5EE8B7B472}.Release|Any CPU.ActiveCfg = Release|Any CPU
		{03656518-0F95-4E4C-83C0-BF5EE8B7B472}.Release|Any CPU.Build.0 = Release|Any CPU
	EndGlobalSection
	GlobalSection(SolutionProperties) = preSolution
		HideSolutionNode = FALSE
	EndGlobalSection
EndGlobal
