
Microsoft Visual Studio Solution File, Format Version 9.00
# Visual Studio 2005
Project("{FAE04EC0-301F-11D3-BF4B-00C04F79EFBC}") = "Db4oAdmin", "Db4oAdmin.csproj", "{6F3BE659-0653-4982-94D6-F1D9D8887E09}"
EndProject
Project("{FAE04EC0-301F-11D3-BF4B-00C04F79EFBC}") = "Db4oAdmin.Tests", "..\Db4oAdmin.Tests\Db4oAdmin.Tests.csproj", "{69859DB2-4DE3-4DE4-A0BB-13861418378F}"
EndProject
Project("{FAE04EC0-301F-11D3-BF4B-00C04F79EFBC}") = "Db4oAdmin.Example", "..\Db4oAdmin.Example\Db4oAdmin.Example.csproj", "{50E50003-64D7-4EF5-A6DF-E7D8FCABCBA5}"
EndProject
Project("{FAE04EC0-301F-11D3-BF4B-00C04F79EFBC}") = "db4o-net2", "..\..\core\db4o-net2.csproj", "{7A07E089-078C-433A-BD15-60763FE3B8F2}"
EndProject
Project("{FAE04EC0-301F-11D3-BF4B-00C04F79EFBC}") = "db4o-net2-tools", "..\..\tools\db4o-net2-tools.csproj", "{1D28DD3C-4D59-4003-96C6-9CBB3BA68FA6}"
EndProject
Global
	GlobalSection(SolutionConfigurationPlatforms) = preSolution
		Debug|Any CPU = Debug|Any CPU
		Release|Any CPU = Release|Any CPU
	EndGlobalSection
	GlobalSection(ProjectConfigurationPlatforms) = postSolution
		{6F3BE659-0653-4982-94D6-F1D9D8887E09}.Debug|Any CPU.ActiveCfg = Debug|Any CPU
		{6F3BE659-0653-4982-94D6-F1D9D8887E09}.Debug|Any CPU.Build.0 = Debug|Any CPU
		{6F3BE659-0653-4982-94D6-F1D9D8887E09}.Release|Any CPU.ActiveCfg = Release|Any CPU
		{6F3BE659-0653-4982-94D6-F1D9D8887E09}.Release|Any CPU.Build.0 = Release|Any CPU
		{69859DB2-4DE3-4DE4-A0BB-13861418378F}.Debug|Any CPU.ActiveCfg = Debug|Any CPU
		{69859DB2-4DE3-4DE4-A0BB-13861418378F}.Debug|Any CPU.Build.0 = Debug|Any CPU
		{69859DB2-4DE3-4DE4-A0BB-13861418378F}.Release|Any CPU.ActiveCfg = Release|Any CPU
		{69859DB2-4DE3-4DE4-A0BB-13861418378F}.Release|Any CPU.Build.0 = Release|Any CPU
		{50E50003-64D7-4EF5-A6DF-E7D8FCABCBA5}.Debug|Any CPU.ActiveCfg = Debug|Any CPU
		{50E50003-64D7-4EF5-A6DF-E7D8FCABCBA5}.Debug|Any CPU.Build.0 = Debug|Any CPU
		{50E50003-64D7-4EF5-A6DF-E7D8FCABCBA5}.Debug|Any CPU.Deploy.0 = Debug|Any CPU
		{50E50003-64D7-4EF5-A6DF-E7D8FCABCBA5}.Release|Any CPU.ActiveCfg = Release|Any CPU
		{50E50003-64D7-4EF5-A6DF-E7D8FCABCBA5}.Release|Any CPU.Build.0 = Release|Any CPU
		{50E50003-64D7-4EF5-A6DF-E7D8FCABCBA5}.Release|Any CPU.Deploy.0 = Release|Any CPU
		{7A07E089-078C-433A-BD15-60763FE3B8F2}.Debug|Any CPU.ActiveCfg = Debug|Any CPU
		{7A07E089-078C-433A-BD15-60763FE3B8F2}.Debug|Any CPU.Build.0 = Debug|Any CPU
		{7A07E089-078C-433A-BD15-60763FE3B8F2}.Release|Any CPU.ActiveCfg = Release|Any CPU
		{7A07E089-078C-433A-BD15-60763FE3B8F2}.Release|Any CPU.Build.0 = Release|Any CPU
		{1D28DD3C-4D59-4003-96C6-9CBB3BA68FA6}.Debug|Any CPU.ActiveCfg = Debug|Any CPU
		{1D28DD3C-4D59-4003-96C6-9CBB3BA68FA6}.Debug|Any CPU.Build.0 = Debug|Any CPU
		{1D28DD3C-4D59-4003-96C6-9CBB3BA68FA6}.Release|Any CPU.ActiveCfg = Release|Any CPU
		{1D28DD3C-4D59-4003-96C6-9CBB3BA68FA6}.Release|Any CPU.Build.0 = Release|Any CPU
	EndGlobalSection
	GlobalSection(SolutionProperties) = preSolution
		HideSolutionNode = FALSE
	EndGlobalSection
EndGlobal
