
Microsoft Visual Studio Solution File, Format Version 9.00
# Visual Studio 2005
Project("{FAE04EC0-301F-11D3-BF4B-00C04F79EFBC}") = "db4o-compact-tools-2005", "db4o-compact-tools-2005.csproj", "{E5C01056-B6A2-466A-89A8-4D74B2EFB1D2}"
EndProject
Global
	GlobalSection(SolutionConfigurationPlatforms) = preSolution
		Debug|Any CPU = Debug|Any CPU
		Release|Any CPU = Release|Any CPU
	EndGlobalSection
	GlobalSection(ProjectConfigurationPlatforms) = postSolution
		{E5C01056-B6A2-466A-89A8-4D74B2EFB1D2}.Debug|Any CPU.ActiveCfg = Debug|Any CPU
		{E5C01056-B6A2-466A-89A8-4D74B2EFB1D2}.Debug|Any CPU.Build.0 = Debug|Any CPU
		{E5C01056-B6A2-466A-89A8-4D74B2EFB1D2}.Release|Any CPU.ActiveCfg = Release|Any CPU
		{E5C01056-B6A2-466A-89A8-4D74B2EFB1D2}.Release|Any CPU.Build.0 = Release|Any CPU
	EndGlobalSection
	GlobalSection(SolutionProperties) = preSolution
		HideSolutionNode = FALSE
	EndGlobalSection
EndGlobal
